
Microsoft Visual Studio Solution File, Format Version 12.00
# Visual Studio Version 17
VisualStudioVersion = 17.8.34525.116
MinimumVisualStudioVersion = 10.0.40219.1
Project("{FAE04EC0-301F-11D3-BF4B-00C04F79EFBC}") = "Kanban", "Kanban\Kanban.csproj", "{62E9BBA6-27A1-42BE-9667-58678A9DF43B}"
EndProject
Global
	GlobalSection(SolutionConfigurationPlatforms) = preSolution
		Debug|Any CPU = Debug|Any CPU
		Release|Any CPU = Release|Any CPU
	EndGlobalSection
	GlobalSection(ProjectConfigurationPlatforms) = postSolution
		{62E9BBA6-27A1-42BE-9667-58678A9DF43B}.Debug|Any CPU.ActiveCfg = Debug|Any CPU
		{62E9BBA6-27A1-42BE-9667-58678A9DF43B}.Debug|Any CPU.Build.0 = Debug|Any CPU
		{62E9BBA6-27A1-42BE-9667-58678A9DF43B}.Release|Any CPU.ActiveCfg = Release|Any CPU
		{62E9BBA6-27A1-42BE-9667-58678A9DF43B}.Release|Any CPU.Build.0 = Release|Any CPU
	EndGlobalSection
	GlobalSection(SolutionProperties) = preSolution
		HideSolutionNode = FALSE
	EndGlobalSection
	GlobalSection(ExtensibilityGlobals) = postSolution
		SolutionGuid = {A52E4893-F531-42A8-BE3B-81B905E07924}
	EndGlobalSection
EndGlobal
